
Microsoft Visual Studio Solution File, Format Version 12.00
# Visual Studio Version 17
VisualStudioVersion = 17.9.34723.18
MinimumVisualStudioVersion = 10.0.40219.1
Project("{FAE04EC0-301F-11D3-BF4B-00C04F79EFBC}") = "ReservationJO", "ReservationJO.csproj", "{27FDB27F-0F28-4545-97F0-80FDB7914B14}"
EndProject
Project("{FAE04EC0-301F-11D3-BF4B-00C04F79EFBC}") = "TestUnitaire", "..\TestUnitaire\TestUnitaire.csproj", "{9EE70D70-C5F0-4A41-8BE7-8144EF5CFF91}"
EndProject
Global
	GlobalSection(SolutionConfigurationPlatforms) = preSolution
		Debug|Any CPU = Debug|Any CPU
		Release|Any CPU = Release|Any CPU
	EndGlobalSection
	GlobalSection(ProjectConfigurationPlatforms) = postSolution
		{27FDB27F-0F28-4545-97F0-80FDB7914B14}.Debug|Any CPU.ActiveCfg = Debug|Any CPU
		{27FDB27F-0F28-4545-97F0-80FDB7914B14}.Debug|Any CPU.Build.0 = Debug|Any CPU
		{27FDB27F-0F28-4545-97F0-80FDB7914B14}.Release|Any CPU.ActiveCfg = Release|Any CPU
		{27FDB27F-0F28-4545-97F0-80FDB7914B14}.Release|Any CPU.Build.0 = Release|Any CPU
		{9EE70D70-C5F0-4A41-8BE7-8144EF5CFF91}.Debug|Any CPU.ActiveCfg = Debug|Any CPU
		{9EE70D70-C5F0-4A41-8BE7-8144EF5CFF91}.Debug|Any CPU.Build.0 = Debug|Any CPU
		{9EE70D70-C5F0-4A41-8BE7-8144EF5CFF91}.Release|Any CPU.ActiveCfg = Release|Any CPU
		{9EE70D70-C5F0-4A41-8BE7-8144EF5CFF91}.Release|Any CPU.Build.0 = Release|Any CPU
	EndGlobalSection
	GlobalSection(SolutionProperties) = preSolution
		HideSolutionNode = FALSE
	EndGlobalSection
	GlobalSection(ExtensibilityGlobals) = postSolution
		SolutionGuid = {3C0BF36D-BC31-4E86-AC1B-17D228345A79}
	EndGlobalSection
EndGlobal
